
Microsoft Visual Studio Solution File, Format Version 12.00
# Visual Studio Version 16
VisualStudioVersion = 16.0.29009.5
MinimumVisualStudioVersion = 10.0.40219.1
Project("{2150E333-8FDC-42A3-9474-1A3956D46DE8}") = "Web", "Web", "{E389DEB6-5F90-444B-A054-12A10D39C76F}"
EndProject
Project("{2150E333-8FDC-42A3-9474-1A3956D46DE8}") = "Data", "Data", "{ACBE44C4-E198-45E2-BA02-6655250A0006}"
EndProject
Project("{2150E333-8FDC-42A3-9474-1A3956D46DE8}") = "Services", "Services", "{516E002B-9E6E-4456-B7F6-EAA353966DE6}"
EndProject
Project("{2150E333-8FDC-42A3-9474-1A3956D46DE8}") = "Tests", "Tests", "{7A731632-6714-44E2-A9E4-069EBA9E666C}"
EndProject
Project("{9A19103F-16F7-4668-BE54-9A1E7A4F7556}") = "Sandbox", "Tests\Sandbox\Sandbox.csproj", "{8AB6B92A-0837-4BDE-B950-10BE3FF2B6A8}"
EndProject
Project("{9A19103F-16F7-4668-BE54-9A1E7A4F7556}") = "Olympia.Services", "Services\Olympia.Services\Olympia.Services.csproj", "{00343E84-6A1B-4AB1-9CCE-66D56AA60A1E}"
EndProject
Project("{9A19103F-16F7-4668-BE54-9A1E7A4F7556}") = "Olympia.Common", "Olympia.Common\Olympia.Common.csproj", "{19350879-6270-499F-88BC-EF39EFD57EFB}"
EndProject
Project("{9A19103F-16F7-4668-BE54-9A1E7A4F7556}") = "Olympia.Web", "Web\Olympia.Web\Olympia.Web.csproj", "{5170ADA1-E062-48CC-AF30-69949E39A7ED}"
EndProject
Project("{9A19103F-16F7-4668-BE54-9A1E7A4F7556}") = "Olympia.Data", "Data\Olympia.Data\Olympia.Data.csproj", "{C9C7A500-E620-43CE-95A8-AB488E56D784}"
EndProject
Project("{9A19103F-16F7-4668-BE54-9A1E7A4F7556}") = "Olympia.Data.Common", "Data\Olympia.Data.Common\Olympia.Data.Common.csproj", "{9DF22068-B7A1-465D-9F7A-DB7A806EC197}"
EndProject
Project("{9A19103F-16F7-4668-BE54-9A1E7A4F7556}") = "Olympia.Data.Domain", "Data\Olympia.Data.Domain\Olympia.Data.Domain.csproj", "{C2630D7E-8390-4390-AB15-627920988C7E}"
EndProject
Project("{9A19103F-16F7-4668-BE54-9A1E7A4F7556}") = "Olympia.Data.Models", "Data\Olympia.Data.Models\Olympia.Data.Models.csproj", "{87843921-ED58-4C7C-A8A6-6505761A9681}"
EndProject
Project("{9A19103F-16F7-4668-BE54-9A1E7A4F7556}") = "Olympia.Services.Tests", "Tests\Olympia.Services.Tests\Olympia.Services.Tests.csproj", "{7C7ED1AB-150C-49DD-842D-7AC297E36640}"
EndProject
Global
	GlobalSection(SolutionConfigurationPlatforms) = preSolution
		Debug|Any CPU = Debug|Any CPU
		Release|Any CPU = Release|Any CPU
	EndGlobalSection
	GlobalSection(ProjectConfigurationPlatforms) = postSolution
		{8AB6B92A-0837-4BDE-B950-10BE3FF2B6A8}.Debug|Any CPU.ActiveCfg = Debug|Any CPU
		{8AB6B92A-0837-4BDE-B950-10BE3FF2B6A8}.Debug|Any CPU.Build.0 = Debug|Any CPU
		{8AB6B92A-0837-4BDE-B950-10BE3FF2B6A8}.Release|Any CPU.ActiveCfg = Release|Any CPU
		{8AB6B92A-0837-4BDE-B950-10BE3FF2B6A8}.Release|Any CPU.Build.0 = Release|Any CPU
		{00343E84-6A1B-4AB1-9CCE-66D56AA60A1E}.Debug|Any CPU.ActiveCfg = Debug|Any CPU
		{00343E84-6A1B-4AB1-9CCE-66D56AA60A1E}.Debug|Any CPU.Build.0 = Debug|Any CPU
		{00343E84-6A1B-4AB1-9CCE-66D56AA60A1E}.Release|Any CPU.ActiveCfg = Release|Any CPU
		{00343E84-6A1B-4AB1-9CCE-66D56AA60A1E}.Release|Any CPU.Build.0 = Release|Any CPU
		{19350879-6270-499F-88BC-EF39EFD57EFB}.Debug|Any CPU.ActiveCfg = Debug|Any CPU
		{19350879-6270-499F-88BC-EF39EFD57EFB}.Debug|Any CPU.Build.0 = Debug|Any CPU
		{19350879-6270-499F-88BC-EF39EFD57EFB}.Release|Any CPU.ActiveCfg = Release|Any CPU
		{19350879-6270-499F-88BC-EF39EFD57EFB}.Release|Any CPU.Build.0 = Release|Any CPU
		{5170ADA1-E062-48CC-AF30-69949E39A7ED}.Debug|Any CPU.ActiveCfg = Debug|Any CPU
		{5170ADA1-E062-48CC-AF30-69949E39A7ED}.Debug|Any CPU.Build.0 = Debug|Any CPU
		{5170ADA1-E062-48CC-AF30-69949E39A7ED}.Release|Any CPU.ActiveCfg = Release|Any CPU
		{5170ADA1-E062-48CC-AF30-69949E39A7ED}.Release|Any CPU.Build.0 = Release|Any CPU
		{C9C7A500-E620-43CE-95A8-AB488E56D784}.Debug|Any CPU.ActiveCfg = Debug|Any CPU
		{C9C7A500-E620-43CE-95A8-AB488E56D784}.Debug|Any CPU.Build.0 = Debug|Any CPU
		{C9C7A500-E620-43CE-95A8-AB488E56D784}.Release|Any CPU.ActiveCfg = Release|Any CPU
		{C9C7A500-E620-43CE-95A8-AB488E56D784}.Release|Any CPU.Build.0 = Release|Any CPU
		{9DF22068-B7A1-465D-9F7A-DB7A806EC197}.Debug|Any CPU.ActiveCfg = Debug|Any CPU
		{9DF22068-B7A1-465D-9F7A-DB7A806EC197}.Debug|Any CPU.Build.0 = Debug|Any CPU
		{9DF22068-B7A1-465D-9F7A-DB7A806EC197}.Release|Any CPU.ActiveCfg = Release|Any CPU
		{9DF22068-B7A1-465D-9F7A-DB7A806EC197}.Release|Any CPU.Build.0 = Release|Any CPU
		{C2630D7E-8390-4390-AB15-627920988C7E}.Debug|Any CPU.ActiveCfg = Debug|Any CPU
		{C2630D7E-8390-4390-AB15-627920988C7E}.Debug|Any CPU.Build.0 = Debug|Any CPU
		{C2630D7E-8390-4390-AB15-627920988C7E}.Release|Any CPU.ActiveCfg = Release|Any CPU
		{C2630D7E-8390-4390-AB15-627920988C7E}.Release|Any CPU.Build.0 = Release|Any CPU
		{87843921-ED58-4C7C-A8A6-6505761A9681}.Debug|Any CPU.ActiveCfg = Debug|Any CPU
		{87843921-ED58-4C7C-A8A6-6505761A9681}.Debug|Any CPU.Build.0 = Debug|Any CPU
		{87843921-ED58-4C7C-A8A6-6505761A9681}.Release|Any CPU.ActiveCfg = Release|Any CPU
		{87843921-ED58-4C7C-A8A6-6505761A9681}.Release|Any CPU.Build.0 = Release|Any CPU
		{7C7ED1AB-150C-49DD-842D-7AC297E36640}.Debug|Any CPU.ActiveCfg = Debug|Any CPU
		{7C7ED1AB-150C-49DD-842D-7AC297E36640}.Debug|Any CPU.Build.0 = Debug|Any CPU
		{7C7ED1AB-150C-49DD-842D-7AC297E36640}.Release|Any CPU.ActiveCfg = Release|Any CPU
		{7C7ED1AB-150C-49DD-842D-7AC297E36640}.Release|Any CPU.Build.0 = Release|Any CPU
	EndGlobalSection
	GlobalSection(SolutionProperties) = preSolution
		HideSolutionNode = FALSE
	EndGlobalSection
	GlobalSection(NestedProjects) = preSolution
		{8AB6B92A-0837-4BDE-B950-10BE3FF2B6A8} = {7A731632-6714-44E2-A9E4-069EBA9E666C}
		{00343E84-6A1B-4AB1-9CCE-66D56AA60A1E} = {516E002B-9E6E-4456-B7F6-EAA353966DE6}
		{5170ADA1-E062-48CC-AF30-69949E39A7ED} = {E389DEB6-5F90-444B-A054-12A10D39C76F}
		{C9C7A500-E620-43CE-95A8-AB488E56D784} = {ACBE44C4-E198-45E2-BA02-6655250A0006}
		{9DF22068-B7A1-465D-9F7A-DB7A806EC197} = {ACBE44C4-E198-45E2-BA02-6655250A0006}
		{C2630D7E-8390-4390-AB15-627920988C7E} = {ACBE44C4-E198-45E2-BA02-6655250A0006}
		{87843921-ED58-4C7C-A8A6-6505761A9681} = {ACBE44C4-E198-45E2-BA02-6655250A0006}
		{7C7ED1AB-150C-49DD-842D-7AC297E36640} = {7A731632-6714-44E2-A9E4-069EBA9E666C}
	EndGlobalSection
	GlobalSection(ExtensibilityGlobals) = postSolution
		SolutionGuid = {384484BE-4680-4529-9CC2-AD37BA4D12D1}
	EndGlobalSection
EndGlobal
